
Microsoft Visual Studio Solution File, Format Version 12.00
# Visual Studio Version 17
VisualStudioVersion = 17.0.31903.59
MinimumVisualStudioVersion = 10.0.40219.1
Project("{2150E333-8FDC-42A3-9474-1A3956D46DE8}") = "src", "src", "{827E0CD3-B72D-47B6-A68D-7590B98EB39B}"
EndProject
Project("{FAE04EC0-301F-11D3-BF4B-00C04F79EFBC}") = "PCAPAnalyzer.Core", "src\PCAPAnalyzer.Core\PCAPAnalyzer.Core.csproj", "{12530BF4-9D03-4751-AB9F-5BB2C54657BE}"
EndProject
Project("{FAE04EC0-301F-11D3-BF4B-00C04F79EFBC}") = "PCAPAnalyzer.UI", "src\PCAPAnalyzer.UI\PCAPAnalyzer.UI.csproj", "{3A758395-1AED-42BD-8E87-849ACB4E441D}"
EndProject
Project("{FAE04EC0-301F-11D3-BF4B-00C04F79EFBC}") = "PCAPAnalyzer.TShark", "src\PCAPAnalyzer.TShark\PCAPAnalyzer.TShark.csproj", "{FF0E7BC2-D8D7-4625-87C9-FDF62226F62C}"
EndProject
Project("{FAE04EC0-301F-11D3-BF4B-00C04F79EFBC}") = "PCAPAnalyzer.Tests", "tests\PCAPAnalyzer.Tests\PCAPAnalyzer.Tests.csproj", "{381274DE-DC8C-4E33-A33C-626F18617A0B}"
EndProject
Project("{FAE04EC0-301F-11D3-BF4B-00C04F79EFBC}") = "PCAPAnalyzer.API", "src\PCAPAnalyzer.API\PCAPAnalyzer.API.csproj", "{DA1B8797-2E0E-478F-8E48-B8ED74F8DC38}"
EndProject
Global
	GlobalSection(SolutionConfigurationPlatforms) = preSolution
		Debug|Any CPU = Debug|Any CPU
		Debug|x64 = Debug|x64
		Debug|x86 = Debug|x86
		Release|Any CPU = Release|Any CPU
		Release|x64 = Release|x64
		Release|x86 = Release|x86
	EndGlobalSection
	GlobalSection(ProjectConfigurationPlatforms) = postSolution
		{12530BF4-9D03-4751-AB9F-5BB2C54657BE}.Debug|Any CPU.ActiveCfg = Debug|Any CPU
		{12530BF4-9D03-4751-AB9F-5BB2C54657BE}.Debug|Any CPU.Build.0 = Debug|Any CPU
		{12530BF4-9D03-4751-AB9F-5BB2C54657BE}.Debug|x64.ActiveCfg = Debug|Any CPU
		{12530BF4-9D03-4751-AB9F-5BB2C54657BE}.Debug|x64.Build.0 = Debug|Any CPU
		{12530BF4-9D03-4751-AB9F-5BB2C54657BE}.Debug|x86.ActiveCfg = Debug|Any CPU
		{12530BF4-9D03-4751-AB9F-5BB2C54657BE}.Debug|x86.Build.0 = Debug|Any CPU
		{12530BF4-9D03-4751-AB9F-5BB2C54657BE}.Release|Any CPU.ActiveCfg = Release|Any CPU
		{12530BF4-9D03-4751-AB9F-5BB2C54657BE}.Release|Any CPU.Build.0 = Release|Any CPU
		{12530BF4-9D03-4751-AB9F-5BB2C54657BE}.Release|x64.ActiveCfg = Release|Any CPU
		{12530BF4-9D03-4751-AB9F-5BB2C54657BE}.Release|x64.Build.0 = Release|Any CPU
		{12530BF4-9D03-4751-AB9F-5BB2C54657BE}.Release|x86.ActiveCfg = Release|Any CPU
		{12530BF4-9D03-4751-AB9F-5BB2C54657BE}.Release|x86.Build.0 = Release|Any CPU
		{3A758395-1AED-42BD-8E87-849ACB4E441D}.Debug|Any CPU.ActiveCfg = Debug|Any CPU
		{3A758395-1AED-42BD-8E87-849ACB4E441D}.Debug|Any CPU.Build.0 = Debug|Any CPU
		{3A758395-1AED-42BD-8E87-849ACB4E441D}.Debug|x64.ActiveCfg = Debug|Any CPU
		{3A758395-1AED-42BD-8E87-849ACB4E441D}.Debug|x64.Build.0 = Debug|Any CPU
		{3A758395-1AED-42BD-8E87-849ACB4E441D}.Debug|x86.ActiveCfg = Debug|Any CPU
		{3A758395-1AED-42BD-8E87-849ACB4E441D}.Debug|x86.Build.0 = Debug|Any CPU
		{3A758395-1AED-42BD-8E87-849ACB4E441D}.Release|Any CPU.ActiveCfg = Release|Any CPU
		{3A758395-1AED-42BD-8E87-849ACB4E441D}.Release|Any CPU.Build.0 = Release|Any CPU
		{3A758395-1AED-42BD-8E87-849ACB4E441D}.Release|x64.ActiveCfg = Release|Any CPU
		{3A758395-1AED-42BD-8E87-849ACB4E441D}.Release|x64.Build.0 = Release|Any CPU
		{3A758395-1AED-42BD-8E87-849ACB4E441D}.Release|x86.ActiveCfg = Release|Any CPU
		{3A758395-1AED-42BD-8E87-849ACB4E441D}.Release|x86.Build.0 = Release|Any CPU
		{FF0E7BC2-D8D7-4625-87C9-FDF62226F62C}.Debug|Any CPU.ActiveCfg = Debug|Any CPU
		{FF0E7BC2-D8D7-4625-87C9-FDF62226F62C}.Debug|Any CPU.Build.0 = Debug|Any CPU
		{FF0E7BC2-D8D7-4625-87C9-FDF62226F62C}.Debug|x64.ActiveCfg = Debug|Any CPU
		{FF0E7BC2-D8D7-4625-87C9-FDF62226F62C}.Debug|x64.Build.0 = Debug|Any CPU
		{FF0E7BC2-D8D7-4625-87C9-FDF62226F62C}.Debug|x86.ActiveCfg = Debug|Any CPU
		{FF0E7BC2-D8D7-4625-87C9-FDF62226F62C}.Debug|x86.Build.0 = Debug|Any CPU
		{FF0E7BC2-D8D7-4625-87C9-FDF62226F62C}.Release|Any CPU.ActiveCfg = Release|Any CPU
		{FF0E7BC2-D8D7-4625-87C9-FDF62226F62C}.Release|Any CPU.Build.0 = Release|Any CPU
		{FF0E7BC2-D8D7-4625-87C9-FDF62226F62C}.Release|x64.ActiveCfg = Release|Any CPU
		{FF0E7BC2-D8D7-4625-87C9-FDF62226F62C}.Release|x64.Build.0 = Release|Any CPU
		{FF0E7BC2-D8D7-4625-87C9-FDF62226F62C}.Release|x86.ActiveCfg = Release|Any CPU
		{FF0E7BC2-D8D7-4625-87C9-FDF62226F62C}.Release|x86.Build.0 = Release|Any CPU
		{381274DE-DC8C-4E33-A33C-626F18617A0B}.Debug|Any CPU.ActiveCfg = Debug|Any CPU
		{381274DE-DC8C-4E33-A33C-626F18617A0B}.Debug|Any CPU.Build.0 = Debug|Any CPU
		{381274DE-DC8C-4E33-A33C-626F18617A0B}.Debug|x64.ActiveCfg = Debug|Any CPU
		{381274DE-DC8C-4E33-A33C-626F18617A0B}.Debug|x64.Build.0 = Debug|Any CPU
		{381274DE-DC8C-4E33-A33C-626F18617A0B}.Debug|x86.ActiveCfg = Debug|Any CPU
		{381274DE-DC8C-4E33-A33C-626F18617A0B}.Debug|x86.Build.0 = Debug|Any CPU
		{381274DE-DC8C-4E33-A33C-626F18617A0B}.Release|Any CPU.ActiveCfg = Release|Any CPU
		{381274DE-DC8C-4E33-A33C-626F18617A0B}.Release|Any CPU.Build.0 = Release|Any CPU
		{381274DE-DC8C-4E33-A33C-626F18617A0B}.Release|x64.ActiveCfg = Release|Any CPU
		{381274DE-DC8C-4E33-A33C-626F18617A0B}.Release|x64.Build.0 = Release|Any CPU
		{381274DE-DC8C-4E33-A33C-626F18617A0B}.Release|x86.ActiveCfg = Release|Any CPU
		{381274DE-DC8C-4E33-A33C-626F18617A0B}.Release|x86.Build.0 = Release|Any CPU
		{DA1B8797-2E0E-478F-8E48-B8ED74F8DC38}.Debug|Any CPU.ActiveCfg = Debug|Any CPU
		{DA1B8797-2E0E-478F-8E48-B8ED74F8DC38}.Debug|Any CPU.Build.0 = Debug|Any CPU
		{DA1B8797-2E0E-478F-8E48-B8ED74F8DC38}.Debug|x64.ActiveCfg = Debug|Any CPU
		{DA1B8797-2E0E-478F-8E48-B8ED74F8DC38}.Debug|x64.Build.0 = Debug|Any CPU
		{DA1B8797-2E0E-478F-8E48-B8ED74F8DC38}.Debug|x86.ActiveCfg = Debug|Any CPU
		{DA1B8797-2E0E-478F-8E48-B8ED74F8DC38}.Debug|x86.Build.0 = Debug|Any CPU
		{DA1B8797-2E0E-478F-8E48-B8ED74F8DC38}.Release|Any CPU.ActiveCfg = Release|Any CPU
		{DA1B8797-2E0E-478F-8E48-B8ED74F8DC38}.Release|Any CPU.Build.0 = Release|Any CPU
		{DA1B8797-2E0E-478F-8E48-B8ED74F8DC38}.Release|x64.ActiveCfg = Release|Any CPU
		{DA1B8797-2E0E-478F-8E48-B8ED74F8DC38}.Release|x64.Build.0 = Release|Any CPU
		{DA1B8797-2E0E-478F-8E48-B8ED74F8DC38}.Release|x86.ActiveCfg = Release|Any CPU
		{DA1B8797-2E0E-478F-8E48-B8ED74F8DC38}.Release|x86.Build.0 = Release|Any CPU
	EndGlobalSection
	GlobalSection(SolutionProperties) = preSolution
		HideSolutionNode = FALSE
	EndGlobalSection
	GlobalSection(NestedProjects) = preSolution
		{12530BF4-9D03-4751-AB9F-5BB2C54657BE} = {827E0CD3-B72D-47B6-A68D-7590B98EB39B}
		{3A758395-1AED-42BD-8E87-849ACB4E441D} = {827E0CD3-B72D-47B6-A68D-7590B98EB39B}
		{FF0E7BC2-D8D7-4625-87C9-FDF62226F62C} = {827E0CD3-B72D-47B6-A68D-7590B98EB39B}
		{381274DE-DC8C-4E33-A33C-626F18617A0B} = {827E0CD3-B72D-47B6-A68D-7590B98EB39B}
		{DA1B8797-2E0E-478F-8E48-B8ED74F8DC38} = {827E0CD3-B72D-47B6-A68D-7590B98EB39B}
	EndGlobalSection
EndGlobal
